
Microsoft Visual Studio Solution File, Format Version 12.00
# Visual Studio 15
VisualStudioVersion = 15.0.26124.0
MinimumVisualStudioVersion = 15.0.26124.0
Project("{F2A71F9B-5D33-465A-A702-920D77279786}") = "Day1", "Day1\Day1.fsproj", "{1BC4F328-3979-4111-8DFA-2AA87CBBAD2C}"
EndProject
Project("{F2A71F9B-5D33-465A-A702-920D77279786}") = "Day2", "Day2\Day2.fsproj", "{660FA0F8-7851-4F81-B0FA-5BEFBED6613B}"
EndProject
Project("{F2A71F9B-5D33-465A-A702-920D77279786}") = "Common", "Common\Common.fsproj", "{4A1F8A0D-AAB4-4AB6-A260-4E9105D7B1D2}"
EndProject
Project("{F2A71F9B-5D33-465A-A702-920D77279786}") = "Day3", "Day3\Day3.fsproj", "{91EB43E9-4996-4124-9AE8-B55BC59B06EE}"
EndProject
Project("{F2A71F9B-5D33-465A-A702-920D77279786}") = "Day4", "Day4\Day4.fsproj", "{BB665818-A7AB-4B80-87D6-A70C21EEC976}"
EndProject
Project("{F2A71F9B-5D33-465A-A702-920D77279786}") = "Day5", "Day5\Day5.fsproj", "{56A9E220-6311-4652-B527-324C301310CC}"
EndProject
Project("{F2A71F9B-5D33-465A-A702-920D77279786}") = "Day6", "Day6\Day6.fsproj", "{76C86162-E2B1-47C7-B05B-EC9E612A9149}"
EndProject
Project("{F2A71F9B-5D33-465A-A702-920D77279786}") = "Day7", "Day7\Day7.fsproj", "{24E8747B-BE91-44D3-B2FB-0B21E3A9725B}"
EndProject
Global
	GlobalSection(SolutionConfigurationPlatforms) = preSolution
		Debug|Any CPU = Debug|Any CPU
		Debug|x64 = Debug|x64
		Debug|x86 = Debug|x86
		Release|Any CPU = Release|Any CPU
		Release|x64 = Release|x64
		Release|x86 = Release|x86
	EndGlobalSection
	GlobalSection(SolutionProperties) = preSolution
		HideSolutionNode = FALSE
	EndGlobalSection
	GlobalSection(ProjectConfigurationPlatforms) = postSolution
		{1BC4F328-3979-4111-8DFA-2AA87CBBAD2C}.Debug|Any CPU.ActiveCfg = Debug|Any CPU
		{1BC4F328-3979-4111-8DFA-2AA87CBBAD2C}.Debug|Any CPU.Build.0 = Debug|Any CPU
		{1BC4F328-3979-4111-8DFA-2AA87CBBAD2C}.Debug|x64.ActiveCfg = Debug|Any CPU
		{1BC4F328-3979-4111-8DFA-2AA87CBBAD2C}.Debug|x64.Build.0 = Debug|Any CPU
		{1BC4F328-3979-4111-8DFA-2AA87CBBAD2C}.Debug|x86.ActiveCfg = Debug|Any CPU
		{1BC4F328-3979-4111-8DFA-2AA87CBBAD2C}.Debug|x86.Build.0 = Debug|Any CPU
		{1BC4F328-3979-4111-8DFA-2AA87CBBAD2C}.Release|Any CPU.ActiveCfg = Release|Any CPU
		{1BC4F328-3979-4111-8DFA-2AA87CBBAD2C}.Release|Any CPU.Build.0 = Release|Any CPU
		{1BC4F328-3979-4111-8DFA-2AA87CBBAD2C}.Release|x64.ActiveCfg = Release|Any CPU
		{1BC4F328-3979-4111-8DFA-2AA87CBBAD2C}.Release|x64.Build.0 = Release|Any CPU
		{1BC4F328-3979-4111-8DFA-2AA87CBBAD2C}.Release|x86.ActiveCfg = Release|Any CPU
		{1BC4F328-3979-4111-8DFA-2AA87CBBAD2C}.Release|x86.Build.0 = Release|Any CPU
		{660FA0F8-7851-4F81-B0FA-5BEFBED6613B}.Debug|Any CPU.ActiveCfg = Debug|Any CPU
		{660FA0F8-7851-4F81-B0FA-5BEFBED6613B}.Debug|Any CPU.Build.0 = Debug|Any CPU
		{660FA0F8-7851-4F81-B0FA-5BEFBED6613B}.Debug|x64.ActiveCfg = Debug|Any CPU
		{660FA0F8-7851-4F81-B0FA-5BEFBED6613B}.Debug|x64.Build.0 = Debug|Any CPU
		{660FA0F8-7851-4F81-B0FA-5BEFBED6613B}.Debug|x86.ActiveCfg = Debug|Any CPU
		{660FA0F8-7851-4F81-B0FA-5BEFBED6613B}.Debug|x86.Build.0 = Debug|Any CPU
		{660FA0F8-7851-4F81-B0FA-5BEFBED6613B}.Release|Any CPU.ActiveCfg = Release|Any CPU
		{660FA0F8-7851-4F81-B0FA-5BEFBED6613B}.Release|Any CPU.Build.0 = Release|Any CPU
		{660FA0F8-7851-4F81-B0FA-5BEFBED6613B}.Release|x64.ActiveCfg = Release|Any CPU
		{660FA0F8-7851-4F81-B0FA-5BEFBED6613B}.Release|x64.Build.0 = Release|Any CPU
		{660FA0F8-7851-4F81-B0FA-5BEFBED6613B}.Release|x86.ActiveCfg = Release|Any CPU
		{660FA0F8-7851-4F81-B0FA-5BEFBED6613B}.Release|x86.Build.0 = Release|Any CPU
		{4A1F8A0D-AAB4-4AB6-A260-4E9105D7B1D2}.Debug|Any CPU.ActiveCfg = Debug|Any CPU
		{4A1F8A0D-AAB4-4AB6-A260-4E9105D7B1D2}.Debug|Any CPU.Build.0 = Debug|Any CPU
		{4A1F8A0D-AAB4-4AB6-A260-4E9105D7B1D2}.Debug|x64.ActiveCfg = Debug|Any CPU
		{4A1F8A0D-AAB4-4AB6-A260-4E9105D7B1D2}.Debug|x64.Build.0 = Debug|Any CPU
		{4A1F8A0D-AAB4-4AB6-A260-4E9105D7B1D2}.Debug|x86.ActiveCfg = Debug|Any CPU
		{4A1F8A0D-AAB4-4AB6-A260-4E9105D7B1D2}.Debug|x86.Build.0 = Debug|Any CPU
		{4A1F8A0D-AAB4-4AB6-A260-4E9105D7B1D2}.Release|Any CPU.ActiveCfg = Release|Any CPU
		{4A1F8A0D-AAB4-4AB6-A260-4E9105D7B1D2}.Release|Any CPU.Build.0 = Release|Any CPU
		{4A1F8A0D-AAB4-4AB6-A260-4E9105D7B1D2}.Release|x64.ActiveCfg = Release|Any CPU
		{4A1F8A0D-AAB4-4AB6-A260-4E9105D7B1D2}.Release|x64.Build.0 = Release|Any CPU
		{4A1F8A0D-AAB4-4AB6-A260-4E9105D7B1D2}.Release|x86.ActiveCfg = Release|Any CPU
		{4A1F8A0D-AAB4-4AB6-A260-4E9105D7B1D2}.Release|x86.Build.0 = Release|Any CPU
		{91EB43E9-4996-4124-9AE8-B55BC59B06EE}.Debug|Any CPU.ActiveCfg = Debug|Any CPU
		{91EB43E9-4996-4124-9AE8-B55BC59B06EE}.Debug|Any CPU.Build.0 = Debug|Any CPU
		{91EB43E9-4996-4124-9AE8-B55BC59B06EE}.Debug|x64.ActiveCfg = Debug|Any CPU
		{91EB43E9-4996-4124-9AE8-B55BC59B06EE}.Debug|x64.Build.0 = Debug|Any CPU
		{91EB43E9-4996-4124-9AE8-B55BC59B06EE}.Debug|x86.ActiveCfg = Debug|Any CPU
		{91EB43E9-4996-4124-9AE8-B55BC59B06EE}.Debug|x86.Build.0 = Debug|Any CPU
		{91EB43E9-4996-4124-9AE8-B55BC59B06EE}.Release|Any CPU.ActiveCfg = Release|Any CPU
		{91EB43E9-4996-4124-9AE8-B55BC59B06EE}.Release|Any CPU.Build.0 = Release|Any CPU
		{91EB43E9-4996-4124-9AE8-B55BC59B06EE}.Release|x64.ActiveCfg = Release|Any CPU
		{91EB43E9-4996-4124-9AE8-B55BC59B06EE}.Release|x64.Build.0 = Release|Any CPU
		{91EB43E9-4996-4124-9AE8-B55BC59B06EE}.Release|x86.ActiveCfg = Release|Any CPU
		{91EB43E9-4996-4124-9AE8-B55BC59B06EE}.Release|x86.Build.0 = Release|Any CPU
		{BB665818-A7AB-4B80-87D6-A70C21EEC976}.Debug|Any CPU.ActiveCfg = Debug|Any CPU
		{BB665818-A7AB-4B80-87D6-A70C21EEC976}.Debug|Any CPU.Build.0 = Debug|Any CPU
		{BB665818-A7AB-4B80-87D6-A70C21EEC976}.Debug|x64.ActiveCfg = Debug|Any CPU
		{BB665818-A7AB-4B80-87D6-A70C21EEC976}.Debug|x64.Build.0 = Debug|Any CPU
		{BB665818-A7AB-4B80-87D6-A70C21EEC976}.Debug|x86.ActiveCfg = Debug|Any CPU
		{BB665818-A7AB-4B80-87D6-A70C21EEC976}.Debug|x86.Build.0 = Debug|Any CPU
		{BB665818-A7AB-4B80-87D6-A70C21EEC976}.Release|Any CPU.ActiveCfg = Release|Any CPU
		{BB665818-A7AB-4B80-87D6-A70C21EEC976}.Release|Any CPU.Build.0 = Release|Any CPU
		{BB665818-A7AB-4B80-87D6-A70C21EEC976}.Release|x64.ActiveCfg = Release|Any CPU
		{BB665818-A7AB-4B80-87D6-A70C21EEC976}.Release|x64.Build.0 = Release|Any CPU
		{BB665818-A7AB-4B80-87D6-A70C21EEC976}.Release|x86.ActiveCfg = Release|Any CPU
		{BB665818-A7AB-4B80-87D6-A70C21EEC976}.Release|x86.Build.0 = Release|Any CPU
		{56A9E220-6311-4652-B527-324C301310CC}.Debug|Any CPU.ActiveCfg = Debug|Any CPU
		{56A9E220-6311-4652-B527-324C301310CC}.Debug|Any CPU.Build.0 = Debug|Any CPU
		{56A9E220-6311-4652-B527-324C301310CC}.Debug|x64.ActiveCfg = Debug|Any CPU
		{56A9E220-6311-4652-B527-324C301310CC}.Debug|x64.Build.0 = Debug|Any CPU
		{56A9E220-6311-4652-B527-324C301310CC}.Debug|x86.ActiveCfg = Debug|Any CPU
		{56A9E220-6311-4652-B527-324C301310CC}.Debug|x86.Build.0 = Debug|Any CPU
		{56A9E220-6311-4652-B527-324C301310CC}.Release|Any CPU.ActiveCfg = Release|Any CPU
		{56A9E220-6311-4652-B527-324C301310CC}.Release|Any CPU.Build.0 = Release|Any CPU
		{56A9E220-6311-4652-B527-324C301310CC}.Release|x64.ActiveCfg = Release|Any CPU
		{56A9E220-6311-4652-B527-324C301310CC}.Release|x64.Build.0 = Release|Any CPU
		{56A9E220-6311-4652-B527-324C301310CC}.Release|x86.ActiveCfg = Release|Any CPU
		{56A9E220-6311-4652-B527-324C301310CC}.Release|x86.Build.0 = Release|Any CPU
		{76C86162-E2B1-47C7-B05B-EC9E612A9149}.Debug|Any CPU.ActiveCfg = Debug|Any CPU
		{76C86162-E2B1-47C7-B05B-EC9E612A9149}.Debug|Any CPU.Build.0 = Debug|Any CPU
		{76C86162-E2B1-47C7-B05B-EC9E612A9149}.Debug|x64.ActiveCfg = Debug|Any CPU
		{76C86162-E2B1-47C7-B05B-EC9E612A9149}.Debug|x64.Build.0 = Debug|Any CPU
		{76C86162-E2B1-47C7-B05B-EC9E612A9149}.Debug|x86.ActiveCfg = Debug|Any CPU
		{76C86162-E2B1-47C7-B05B-EC9E612A9149}.Debug|x86.Build.0 = Debug|Any CPU
		{76C86162-E2B1-47C7-B05B-EC9E612A9149}.Release|Any CPU.ActiveCfg = Release|Any CPU
		{76C86162-E2B1-47C7-B05B-EC9E612A9149}.Release|Any CPU.Build.0 = Release|Any CPU
		{76C86162-E2B1-47C7-B05B-EC9E612A9149}.Release|x64.ActiveCfg = Release|Any CPU
		{76C86162-E2B1-47C7-B05B-EC9E612A9149}.Release|x64.Build.0 = Release|Any CPU
		{76C86162-E2B1-47C7-B05B-EC9E612A9149}.Release|x86.ActiveCfg = Release|Any CPU
		{76C86162-E2B1-47C7-B05B-EC9E612A9149}.Release|x86.Build.0 = Release|Any CPU
		{24E8747B-BE91-44D3-B2FB-0B21E3A9725B}.Debug|Any CPU.ActiveCfg = Debug|Any CPU
		{24E8747B-BE91-44D3-B2FB-0B21E3A9725B}.Debug|Any CPU.Build.0 = Debug|Any CPU
		{24E8747B-BE91-44D3-B2FB-0B21E3A9725B}.Debug|x64.ActiveCfg = Debug|Any CPU
		{24E8747B-BE91-44D3-B2FB-0B21E3A9725B}.Debug|x64.Build.0 = Debug|Any CPU
		{24E8747B-BE91-44D3-B2FB-0B21E3A9725B}.Debug|x86.ActiveCfg = Debug|Any CPU
		{24E8747B-BE91-44D3-B2FB-0B21E3A9725B}.Debug|x86.Build.0 = Debug|Any CPU
		{24E8747B-BE91-44D3-B2FB-0B21E3A9725B}.Release|Any CPU.ActiveCfg = Release|Any CPU
		{24E8747B-BE91-44D3-B2FB-0B21E3A9725B}.Release|Any CPU.Build.0 = Release|Any CPU
		{24E8747B-BE91-44D3-B2FB-0B21E3A9725B}.Release|x64.ActiveCfg = Release|Any CPU
		{24E8747B-BE91-44D3-B2FB-0B21E3A9725B}.Release|x64.Build.0 = Release|Any CPU
		{24E8747B-BE91-44D3-B2FB-0B21E3A9725B}.Release|x86.ActiveCfg = Release|Any CPU
		{24E8747B-BE91-44D3-B2FB-0B21E3A9725B}.Release|x86.Build.0 = Release|Any CPU
	EndGlobalSection
EndGlobal
